
Microsoft Visual Studio Solution File, Format Version 12.00
# Visual Studio Version 16
VisualStudioVersion = 16.0.31205.134
MinimumVisualStudioVersion = 10.0.40219.1
Project("{FAE04EC0-301F-11D3-BF4B-00C04F79EFBC}") = "TIC_TAC_TOE_CPP_GAME_CREATED_BY_MOHAB_MOHSEN", "TIC_TAC_TOE_CPP_GAME_CREATED_BY_MOHAB_MOHSEN.csproj", "{242637E3-E831-4CC2-A9A6-FE3CB4E03575}"
EndProject
Global
	GlobalSection(SolutionConfigurationPlatforms) = preSolution
		Debug|Any CPU = Debug|Any CPU
		Release|Any CPU = Release|Any CPU
	EndGlobalSection
	GlobalSection(ProjectConfigurationPlatforms) = postSolution
		{242637E3-E831-4CC2-A9A6-FE3CB4E03575}.Debug|Any CPU.ActiveCfg = Debug|Any CPU
		{242637E3-E831-4CC2-A9A6-FE3CB4E03575}.Debug|Any CPU.Build.0 = Debug|Any CPU
		{242637E3-E831-4CC2-A9A6-FE3CB4E03575}.Release|Any CPU.ActiveCfg = Release|Any CPU
		{242637E3-E831-4CC2-A9A6-FE3CB4E03575}.Release|Any CPU.Build.0 = Release|Any CPU
	EndGlobalSection
	GlobalSection(SolutionProperties) = preSolution
		HideSolutionNode = FALSE
	EndGlobalSection
	GlobalSection(ExtensibilityGlobals) = postSolution
		SolutionGuid = {9134987D-D498-4A2A-9B41-87B02A632FA2}
	EndGlobalSection
EndGlobal
